github.com/BurntSushi/toml v0.3.1/go.mod h1:xHWCNGjB5oqiDr8zfno3MHue2Ht5sIBksp03qcyfWMU=
github.com/mattn/go-sqlite3 v1.14.8 h1:gDp86IdQsN/xWjIEmr9MF6o9mpksUgh0fu+9ByFxzIU=
github.com/mattn/go-sqlite3 v1.14.8/go.mod h1:NyWgC/yNuGj7Q9rpYnZvas74GogHl5/Z4A/KQRfk6bU=
github.com/nickng/bibtex v1.0.3 h1:NfO5/OKB64JoUfAA1MwON9pYj7JfWxzu+Vd+dsxxXOg=
github.com/nickng/bibtex v1.0.3/go.mod h1:btTISTDAVsphNPxJAAX9MI+4+RDTBXVKexEQPbTDjwg=
